<?xml version="1.0" encoding="utf-8"?>
<Project ToolsVersion="4.0" xmlns="http://schemas.microsoft.com/developer/msbuild/2003">
  <ItemGroup>
    <Filter Include="Formula Engine">
      <UniqueIdentifier>{72121e11-adfa-4b92-9886-2f0f993b3151}</UniqueIdentifier>
    </Filter>
    <Filter Include="Precompiled Header">
      <UniqueIdentifier>{3ece316a-699a-44eb-a208-4ad8822b8548}</UniqueIdentifier>
    </Filter>
    <Filter Include="External Libraries">
      <UniqueIdentifier>{93995380-89BD-4b04-88EB-625FBE52EBFB}</UniqueIdentifier>
      <Extensions>h;hh;hpp;hxx;hm;inl;inc;xsd</Extensions>
    </Filter>
  </ItemGroup>
  <ItemGroup>
    <ClInclude Include="Actions.h">
      <Filter>Formula Engine</Filter>
    </ClInclude>
    <ClInclude Include="DeserializerFactory.h">
      <Filter>Formula Engine</Filter>
    </ClInclude>
    <ClInclude Include="Formula.h">
      <Filter>Formula Engine</Filter>
    </ClInclude>
    <ClInclude Include="Functions.h">
      <Filter>Formula Engine</Filter>
    </ClInclude>
    <ClInclude Include="Parser.h">
      <Filter>Formula Engine</Filter>
    </ClInclude>
    <ClInclude Include="PropertyBag.h">
      <Filter>Formula Engine</Filter>
    </ClInclude>
    <ClInclude Include="Scriptable.h">
      <Filter>Formula Engine</Filter>
    </ClInclude>
    <ClInclude Include="ScriptWorld.h">
      <Filter>Formula Engine</Filter>
    </ClInclude>
    <ClInclude Include="TokenPool.h">
      <Filter>Formula Engine</Filter>
    </ClInclude>
    <ClInclude Include="EventHandler.h">
      <Filter>Formula Engine</Filter>
    </ClInclude>
    <ClInclude Include="EngineBind.h">
      <Filter>Formula Engine</Filter>
    </ClInclude>
    <ClInclude Include="..\Shared\picojson.h">
      <Filter>External Libraries</Filter>
    </ClInclude>
    <ClInclude Include="Pch.h">
      <Filter>Precompiled Header</Filter>
    </ClInclude>
  </ItemGroup>
  <ItemGroup>
    <ClCompile Include="Actions.cpp">
      <Filter>Formula Engine</Filter>
    </ClCompile>
    <ClCompile Include="DeserializerFactory.cpp">
      <Filter>Formula Engine</Filter>
    </ClCompile>
    <ClCompile Include="Formula.cpp">
      <Filter>Formula Engine</Filter>
    </ClCompile>
    <ClCompile Include="Functions.cpp">
      <Filter>Formula Engine</Filter>
    </ClCompile>
    <ClCompile Include="Parser.cpp">
      <Filter>Formula Engine</Filter>
    </ClCompile>
    <ClCompile Include="PropertyBag.cpp">
      <Filter>Formula Engine</Filter>
    </ClCompile>
    <ClCompile Include="Scriptable.cpp">
      <Filter>Formula Engine</Filter>
    </ClCompile>
    <ClCompile Include="ScriptWorld.cpp">
      <Filter>Formula Engine</Filter>
    </ClCompile>
    <ClCompile Include="TokenPool.cpp">
      <Filter>Formula Engine</Filter>
    </ClCompile>
    <ClCompile Include="EventHandler.cpp">
      <Filter>Formula Engine</Filter>
    </ClCompile>
    <ClCompile Include="Pch.cpp">
      <Filter>Precompiled Header</Filter>
    </ClCompile>
  </ItemGroup>
</Project>