<?xml version="1.0" encoding="utf-8"?>
<Project ToolsVersion="4.0" xmlns="http://schemas.microsoft.com/developer/msbuild/2003">
  <ItemGroup>
    <Filter Include="Source Files">
      <UniqueIdentifier>{4FC737F1-C7A5-4376-A066-2A32D752A2FF}</UniqueIdentifier>
      <Extensions>cpp;c;cc;cxx;def;odl;idl;hpj;bat;asm;asmx</Extensions>
    </Filter>
    <Filter Include="Resource Files">
      <UniqueIdentifier>{67DA6AB6-F800-4c08-8B7A-83BB121AAD01}</UniqueIdentifier>
      <Extensions>rc;ico;cur;bmp;dlg;rc2;rct;bin;rgs;gif;jpg;jpeg;jpe;resx;tiff;tif;png;wav;mfcribbon-ms</Extensions>
    </Filter>
    <Filter Include="Formula Engine">
      <UniqueIdentifier>{72121e11-adfa-4b92-9886-2f0f993b3151}</UniqueIdentifier>
    </Filter>
    <Filter Include="Support Header Files">
      <UniqueIdentifier>{93995380-89BD-4b04-88EB-625FBE52EBFB}</UniqueIdentifier>
      <Extensions>h;hh;hpp;hxx;hm;inl;inc;xsd</Extensions>
    </Filter>
    <Filter Include="Support Data Files">
      <UniqueIdentifier>{265136a2-b4f8-4b40-ba92-61b646db6522}</UniqueIdentifier>
    </Filter>
    <Filter Include="Game Engine">
      <UniqueIdentifier>{9192f23c-0e36-4c09-bfcc-ebc59a0091ae}</UniqueIdentifier>
    </Filter>
  </ItemGroup>
  <ItemGroup>
    <ClInclude Include="picojson.h">
      <Filter>Support Header Files</Filter>
    </ClInclude>
    <ClInclude Include="Actions.h">
      <Filter>Formula Engine</Filter>
    </ClInclude>
    <ClInclude Include="DeserializerFactory.h">
      <Filter>Formula Engine</Filter>
    </ClInclude>
    <ClInclude Include="Formula.h">
      <Filter>Formula Engine</Filter>
    </ClInclude>
    <ClInclude Include="Functions.h">
      <Filter>Formula Engine</Filter>
    </ClInclude>
    <ClInclude Include="Parser.h">
      <Filter>Formula Engine</Filter>
    </ClInclude>
    <ClInclude Include="PropertyBag.h">
      <Filter>Formula Engine</Filter>
    </ClInclude>
    <ClInclude Include="Scriptable.h">
      <Filter>Formula Engine</Filter>
    </ClInclude>
    <ClInclude Include="ScriptWorld.h">
      <Filter>Formula Engine</Filter>
    </ClInclude>
    <ClInclude Include="TokenPool.h">
      <Filter>Formula Engine</Filter>
    </ClInclude>
    <ClInclude Include="Tests.h">
      <Filter>Source Files</Filter>
    </ClInclude>
    <ClInclude Include="EventHandler.h">
      <Filter>Formula Engine</Filter>
    </ClInclude>
    <ClInclude Include="..\GameEngine\Map.h">
      <Filter>Game Engine</Filter>
    </ClInclude>
    <ClInclude Include="..\GameEngine\Unit.h">
      <Filter>Game Engine</Filter>
    </ClInclude>
    <ClInclude Include="Simulation.h">
      <Filter>Source Files</Filter>
    </ClInclude>
    <ClInclude Include="Pch.h">
      <Filter>Support Header Files</Filter>
    </ClInclude>
    <ClInclude Include="EngineBind.h">
      <Filter>Formula Engine</Filter>
    </ClInclude>
    <ClInclude Include="..\GameEngine\ScriptBind.h">
      <Filter>Game Engine</Filter>
    </ClInclude>
  </ItemGroup>
  <ItemGroup>
    <ClCompile Include="Actions.cpp">
      <Filter>Formula Engine</Filter>
    </ClCompile>
    <ClCompile Include="DeserializerFactory.cpp">
      <Filter>Formula Engine</Filter>
    </ClCompile>
    <ClCompile Include="Formula.cpp">
      <Filter>Formula Engine</Filter>
    </ClCompile>
    <ClCompile Include="Functions.cpp">
      <Filter>Formula Engine</Filter>
    </ClCompile>
    <ClCompile Include="Parser.cpp">
      <Filter>Formula Engine</Filter>
    </ClCompile>
    <ClCompile Include="PropertyBag.cpp">
      <Filter>Formula Engine</Filter>
    </ClCompile>
    <ClCompile Include="Scriptable.cpp">
      <Filter>Formula Engine</Filter>
    </ClCompile>
    <ClCompile Include="ScriptWorld.cpp">
      <Filter>Formula Engine</Filter>
    </ClCompile>
    <ClCompile Include="TokenPool.cpp">
      <Filter>Formula Engine</Filter>
    </ClCompile>
    <ClCompile Include="EntryPoint.cpp">
      <Filter>Source Files</Filter>
    </ClCompile>
    <ClCompile Include="Tests.cpp">
      <Filter>Source Files</Filter>
    </ClCompile>
    <ClCompile Include="EventHandler.cpp">
      <Filter>Formula Engine</Filter>
    </ClCompile>
    <ClCompile Include="..\GameEngine\Map.cpp">
      <Filter>Game Engine</Filter>
    </ClCompile>
    <ClCompile Include="Simulation.cpp">
      <Filter>Source Files</Filter>
    </ClCompile>
    <ClCompile Include="Pch.cpp">
      <Filter>Source Files</Filter>
    </ClCompile>
    <ClCompile Include="..\GameEngine\ScriptBind.cpp">
      <Filter>Game Engine</Filter>
    </ClCompile>
    <ClCompile Include="..\GameEngine\Unit.cpp">
      <Filter>Game Engine</Filter>
    </ClCompile>
  </ItemGroup>
  <ItemGroup>
    <None Include="..\Data\test.json">
      <Filter>Support Data Files</Filter>
    </None>
    <None Include="..\Data\KingdomWar.json">
      <Filter>Support Data Files</Filter>
    </None>
    <None Include="..\Data\Flocking.json">
      <Filter>Support Data Files</Filter>
    </None>
  </ItemGroup>
</Project>